
Microsoft Visual Studio Solution File, Format Version 12.00
# Visual Studio Version 16
VisualStudioVersion = 16.0.29806.167
MinimumVisualStudioVersion = 10.0.40219.1
Project("{535C04D7-A2A5-47C7-83E0-B340A995CD1F}") = "Ch9B", "Ch9B.cblproj", "{9CFB3F59-5209-4F21-86CF-0B9E7A01BFF9}"
EndProject
Global
	GlobalSection(SolutionConfigurationPlatforms) = preSolution
		Debug|Any CPU = Debug|Any CPU
		Release|Any CPU = Release|Any CPU
	EndGlobalSection
	GlobalSection(ProjectConfigurationPlatforms) = postSolution
		{9CFB3F59-5209-4F21-86CF-0B9E7A01BFF9}.Debug|Any CPU.ActiveCfg = Debug|Any CPU
		{9CFB3F59-5209-4F21-86CF-0B9E7A01BFF9}.Debug|Any CPU.Build.0 = Debug|Any CPU
		{9CFB3F59-5209-4F21-86CF-0B9E7A01BFF9}.Release|Any CPU.ActiveCfg = Release|Any CPU
		{9CFB3F59-5209-4F21-86CF-0B9E7A01BFF9}.Release|Any CPU.Build.0 = Release|Any CPU
	EndGlobalSection
	GlobalSection(SolutionProperties) = preSolution
		HideSolutionNode = FALSE
	EndGlobalSection
	GlobalSection(ExtensibilityGlobals) = postSolution
		SolutionGuid = {C212A56A-02FC-44F0-B180-7B8A8A96F496}
	EndGlobalSection
EndGlobal
